
Microsoft Visual Studio Solution File, Format Version 12.00
# Visual Studio Version 17
VisualStudioVersion = 17.13.35825.156 d17.13
MinimumVisualStudioVersion = 10.0.40219.1
Project("{FAE04EC0-301F-11D3-BF4B-00C04F79EFBC}") = "SE08101_SecondDemo", "SE08101_SecondDemo\SE08101_SecondDemo.csproj", "{9CAA463D-FED2-4F9D-9F4F-0738A8970B6C}"
EndProject
Global
	GlobalSection(SolutionConfigurationPlatforms) = preSolution
		Debug|Any CPU = Debug|Any CPU
		Release|Any CPU = Release|Any CPU
	EndGlobalSection
	GlobalSection(ProjectConfigurationPlatforms) = postSolution
		{9CAA463D-FED2-4F9D-9F4F-0738A8970B6C}.Debug|Any CPU.ActiveCfg = Debug|Any CPU
		{9CAA463D-FED2-4F9D-9F4F-0738A8970B6C}.Debug|Any CPU.Build.0 = Debug|Any CPU
		{9CAA463D-FED2-4F9D-9F4F-0738A8970B6C}.Release|Any CPU.ActiveCfg = Release|Any CPU
		{9CAA463D-FED2-4F9D-9F4F-0738A8970B6C}.Release|Any CPU.Build.0 = Release|Any CPU
	EndGlobalSection
	GlobalSection(SolutionProperties) = preSolution
		HideSolutionNode = FALSE
	EndGlobalSection
	GlobalSection(ExtensibilityGlobals) = postSolution
		SolutionGuid = {62975C6D-BB86-4C0F-A45A-076EA1996155}
	EndGlobalSection
EndGlobal
